# This file is automatically @generated by Poetry 1.8.2 and should not be changed by hand.

[[package]]
name = "argparse"
version = "1.4.0"
description = "Python command-line parsing library"
optional = false
python-versions = "*"
files = [
    {file = "argparse-1.4.0-py2.py3-none-any.whl", hash = "sha256:c31647edb69fd3d465a847ea3157d37bed1f95f19760b11a47aa91c04b666314"},
    {file = "argparse-1.4.0.tar.gz", hash = "sha256:62b089a55be1d8949cd2bc7e0df0bddb9e028faefc8c32038cc84862aefdd6e4"},
]

[metadata]
lock-version = "2.0"
python-versions = "^3.12"
content-hash = "e3defd1028c2d6eb15d1a92d21c54c44a1ae5004dd4b06ea6c096e86c265b4fd"
